// !$*UTF8*$!
{
	archiveVersion = 1;
	classes = {
	};
	objectVersion = 50;
	objects = {

/* Begin PBXBuildFile section */
		0D627B4B255DFBD700298BBF /* AppDelegate.m in Sources */ = {isa = PBXBuildFile; fileRef = 0D627B4A255DFBD700298BBF /* AppDelegate.m */; };
		0D627B4E255DFBD700298BBF /* SceneDelegate.m in Sources */ = {isa = PBXBuildFile; fileRef = 0D627B4D255DFBD700298BBF /* SceneDelegate.m */; };
		0D627B51255DFBD700298BBF /* ViewController.m in Sources */ = {isa = PBXBuildFile; fileRef = 0D627B50255DFBD700298BBF /* ViewController.m */; };
		0D627B54255DFBD700298BBF /* Main.storyboard in Resources */ = {isa = PBXBuildFile; fileRef = 0D627B52255DFBD700298BBF /* Main.storyboard */; };
		0D627B56255DFBD900298BBF /* Assets.xcassets in Resources */ = {isa = PBXBuildFile; fileRef = 0D627B55255DFBD900298BBF /* Assets.xcassets */; };
		0D627B59255DFBD900298BBF /* LaunchScreen.storyboard in Resources */ = {isa = PBXBuildFile; fileRef = 0D627B57255DFBD900298BBF /* LaunchScreen.storyboard */; };
		0D627B5C255DFBD900298BBF /* main.m in Sources */ = {isa = PBXBuildFile; fileRef = 0D627B5B255DFBD900298BBF /* main.m */; };
/* End PBXBuildFile section */

/* Begin PBXFileReference section */
		0D627B46255DFBD700298BBF /* FlutterStore.app */ = {isa = PBXFileReference; explicitFileType = wrapper.application; includeInIndex = 0; path = FlutterStore.app; sourceTree = BUILT_PRODUCTS_DIR; };
		0D627B49255DFBD700298BBF /* AppDelegate.h */ = {isa = PBXFileReference; lastKnownFileType = sourcecode.c.h; path = AppDelegate.h; sourceTree = "<group>"; };
		0D627B4A255DFBD700298BBF /* AppDelegate.m */ = {isa = PBXFileReference; lastKnownFileType = sourcecode.c.objc; path = AppDelegate.m; sourceTree = "<group>"; };
		0D627B4C255DFBD700298BBF /* SceneDelegate.h */ = {isa = PBXFileReference; lastKnownFileType = sourcecode.c.h; path = SceneDelegate.h; sourceTree = "<group>"; };
		0D627B4D255DFBD700298BBF /* SceneDelegate.m */ = {isa = PBXFileReference; lastKnownFileType = sourcecode.c.objc; path = SceneDelegate.m; sourceTree = "<group>"; };
		0D627B4F255DFBD700298BBF /* ViewController.h */ = {isa = PBXFileReference; lastKnownFileType = sourcecode.c.h; path = ViewController.h; sourceTree = "<group>"; };
		0D627B50255DFBD700298BBF /* ViewController.m */ = {isa = PBXFileReference; lastKnownFileType = sourcecode.c.objc; path = ViewController.m; sourceTree = "<group>"; };
		0D627B53255DFBD700298BBF /* Base */ = {isa = PBXFileReference; lastKnownFileType = file.storyboard; name = Base; path = Base.lproj/Main.storyboard; sourceTree = "<group>"; };
		0D627B55255DFBD900298BBF /* Assets.xcassets */ = {isa = PBXFileReference; lastKnownFileType = folder.assetcatalog; path = Assets.xcassets; sourceTree = "<group>"; };
		0D627B58255DFBD900298BBF /* Base */ = {isa = PBXFileReference; lastKnownFileType = file.storyboard; name = Base; path = Base.lproj/LaunchScreen.storyboard; sourceTree = "<group>"; };
		0D627B5A255DFBD900298BBF /* Info.plist */ = {isa = PBXFileReference; lastKnownFileType = text.plist.xml; path = Info.plist; sourceTree = "<group>"; };
		0D627B5B255DFBD900298BBF /* main.m */ = {isa = PBXFileReference; lastKnownFileType = sourcecode.c.objc; path = main.m; sourceTree = "<group>"; };
/* End PBXFileReference section */

/* Begin PBXFrameworksBuildPhase section */
		0D627B43255DFBD700298BBF /* Frameworks */ = {
			isa = PBXFrameworksBuildPhase;
			buildActionMask = 2147483647;
			files = (
			);
			runOnlyForDeploymentPostprocessing = 0;
		};
/* End PBXFrameworksBuildPhase section */

/* Begin PBXGroup section */
		0D627B3D255DFBD700298BBF = {
			isa = PBXGroup;
			children = (
				0D627B48255DFBD700298BBF /* FlutterStore */,
				0D627B47255DFBD700298BBF /* Products */,
			);
			sourceTree = "<group>";
		};
		0D627B47255DFBD700298BBF /* Products */ = {
			isa = PBXGroup;
			children = (
				0D627B46255DFBD700298BBF /* FlutterStore.app */,
			);
			name = Products;
			sourceTree = "<group>";
		};
		0D627B48255DFBD700298BBF /* FlutterStore */ = {
			isa = PBXGroup;
			children = (
				0D627B49255DFBD700298BBF /* AppDelegate.h */,
				0D627B4A255DFBD700298BBF /* AppDelegate.m */,
				0D627B4C255DFBD700298BBF /* SceneDelegate.h */,
				0D627B4D255DFBD700298BBF /* SceneDelegate.m */,
				0D627B4F255DFBD700298BBF /* ViewController.h */,
				0D627B50255DFBD700298BBF /* ViewController.m */,
				0D627B52255DFBD700298BBF /* Main.storyboard */,
				0D627B55255DFBD900298BBF /* Assets.xcassets */,
				0D627B57255DFBD900298BBF /* LaunchScreen.storyboard */,
				0D627B5A255DFBD900298BBF /* Info.plist */,
				0D627B5B255DFBD900298BBF /* main.m */,
			);
			path = FlutterStore;
			sourceTree = "<group>";
		};
/* End PBXGroup section */

/* Begin PBXNativeTarget section */
		0D627B45255DFBD700298BBF /* FlutterStore */ = {
			isa = PBXNativeTarget;
			buildConfigurationList = 0D627B5F255DFBD900298BBF /* Build configuration list for PBXNativeTarget "FlutterStore" */;
			buildPhases = (
				0D627B42255DFBD700298BBF /* Sources */,
				0D627B43255DFBD700298BBF /* Frameworks */,
				0D627B44255DFBD700298BBF /* Resources */,
			);
			buildRules = (
			);
			dependencies = (
			);
			name = FlutterStore;
			productName = FlutterStore;
			productReference = 0D627B46255DFBD700298BBF /* FlutterStore.app */;
			productType = "com.apple.product-type.application";
		};
/* End PBXNativeTarget section */

/* Begin PBXProject section */
		0D627B3E255DFBD700298BBF /* Project object */ = {
			isa = PBXProject;
			attributes = {
				LastUpgradeCheck = 1150;
				ORGANIZATIONNAME = "Aaron Clarke";
				TargetAttributes = {
					0D627B45255DFBD700298BBF = {
						CreatedOnToolsVersion = 11.5;
					};
				};
			};
			buildConfigurationList = 0D627B41255DFBD700298BBF /* Build configuration list for PBXProject "FlutterStore" */;
			compatibilityVersion = "Xcode 9.3";
			developmentRegion = en;
			hasScannedForEncodings = 0;
			knownRegions = (
				en,
				Base,
			);
			mainGroup = 0D627B3D255DFBD700298BBF;
			productRefGroup = 0D627B47255DFBD700298BBF /* Products */;
			projectDirPath = "";
			projectRoot = "";
			targets = (
				0D627B45255DFBD700298BBF /* FlutterStore */,
			);
		};
/* End PBXProject section */

/* Begin PBXResourcesBuildPhase section */
		0D627B44255DFBD700298BBF /* Resources */ = {
			isa = PBXResourcesBuildPhase;
			buildActionMask = 2147483647;
			files = (
				0D627B59255DFBD900298BBF /* LaunchScreen.storyboard in Resources */,
				0D627B56255DFBD900298BBF /* Assets.xcassets in Resources */,
				0D627B54255DFBD700298BBF /* Main.storyboard in Resources */,
			);
			runOnlyForDeploymentPostprocessing = 0;
		};
/* End PBXResourcesBuildPhase section */

/* Begin PBXSourcesBuildPhase section */
		0D627B42255DFBD700298BBF /* Sources */ = {
			isa = PBXSourcesBuildPhase;
			buildActionMask = 2147483647;
			files = (
				0D627B51255DFBD700298BBF /* ViewController.m in Sources */,
				0D627B4B255DFBD700298BBF /* AppDelegate.m in Sources */,
				0D627B5C255DFBD900298BBF /* main.m in Sources */,
				0D627B4E255DFBD700298BBF /* SceneDelegate.m in Sources */,
			);
			runOnlyForDeploymentPostprocessing = 0;
		};
/* End PBXSourcesBuildPhase section */

/* Begin PBXVariantGroup section */
		0D627B52255DFBD700298BBF /* Main.storyboard */ = {
			isa = PBXVariantGroup;
			children = (
				0D627B53255DFBD700298BBF /* Base */,
			);
			name = Main.storyboard;
			sourceTree = "<group>";
		};
		0D627B57255DFBD900298BBF /* LaunchScreen.storyboard */ = {
			isa = PBXVariantGroup;
			children = (
				0D627B58255DFBD900298BBF /* Base */,
			);
			name = LaunchScreen.storyboard;
			sourceTree = "<group>";
		};
/* End PBXVariantGroup section */

/* Begin XCBuildConfiguration section */
		0D627B5D255DFBD900298BBF /* Debug */ = {
			isa = XCBuildConfiguration;
			buildSettings = {
				ALWAYS_SEARCH_USER_PATHS = NO;
				CLANG_ANALYZER_NONNULL = YES;
				CLANG_ANALYZER_NUMBER_OBJECT_CONVERSION = YES_AGGRESSIVE;
				CLANG_CXX_LANGUAGE_STANDARD = "gnu++14";
				CLANG_CXX_LIBRARY = "libc++";
				CLANG_ENABLE_MODULES = YES;
				CLANG_ENABLE_OBJC_ARC = YES;
				CLANG_ENABLE_OBJC_WEAK = YES;
				CLANG_WARN_BLOCK_CAPTURE_AUTORELEASING = YES;
				CLANG_WARN_BOOL_CONVERSION = YES;
				CLANG_WARN_COMMA = YES;
				CLANG_WARN_CONSTANT_CONVERSION = YES;
				CLANG_WARN_DEPRECATED_OBJC_IMPLEMENTATIONS = YES;
				CLANG_WARN_DIRECT_OBJC_ISA_USAGE = YES_ERROR;
				CLANG_WARN_DOCUMENTATION_COMMENTS = YES;
				CLANG_WARN_EMPTY_BODY = YES;
				CLANG_WARN_ENUM_CONVERSION = YES;
				CLANG_WARN_INFINITE_RECURSION = YES;
				CLANG_WARN_INT_CONVERSION = YES;
				CLANG_WARN_NON_LITERAL_NULL_CONVERSION = YES;
				CLANG_WARN_OBJC_IMPLICIT_RETAIN_SELF = YES;
				CLANG_WARN_OBJC_LITERAL_CONVERSION = YES;
				CLANG_WARN_OBJC_ROOT_CLASS = YES_ERROR;
				CLANG_WARN_RANGE_LOOP_ANALYSIS = YES;
				CLANG_WARN_STRICT_PROTOTYPES = YES;
				CLANG_WARN_SUSPICIOUS_MOVE = YES;
				CLANG_WARN_UNGUARDED_AVAILABILITY = YES_AGGRESSIVE;
				CLANG_WARN_UNREACHABLE_CODE = YES;
				CLANG_WARN__DUPLICATE_METHOD_MATCH = YES;
				COPY_PHASE_STRIP = NO;
				DEBUG_INFORMATION_FORMAT = dwarf;
				ENABLE_STRICT_OBJC_MSGSEND = YES;
				ENABLE_TESTABILITY = YES;
				GCC_C_LANGUAGE_STANDARD = gnu11;
				GCC_DYNAMIC_NO_PIC = NO;
				GCC_NO_COMMON_BLOCKS = YES;
				GCC_OPTIMIZATION_LEVEL = 0;
				GCC_PREPROCESSOR_DEFINITIONS = (
					"DEBUG=1",
					"$(inherited)",
				);
				GCC_WARN_64_TO_32_BIT_CONVERSION = YES;
				GCC_WARN_ABOUT_RETURN_TYPE = YES_ERROR;
				GCC_WARN_UNDECLARED_SELECTOR = YES;
				GCC_WARN_UNINITIALIZED_AUTOS = YES_AGGRESSIVE;
				GCC_WARN_UNUSED_FUNCTION = YES;
				GCC_WARN_UNUSED_VARIABLE = YES;
				IPHONEOS_DEPLOYMENT_TARGET = 13.5;
				MTL_ENABLE_DEBUG_INFO = INCLUDE_SOURCE;
				MTL_FAST_MATH = YES;
				ONLY_ACTIVE_ARCH = YES;
				SDKROOT = iphoneos;
			};
			name = Debug;
		};
		0D627B5E255DFBD900298BBF /* Release */ = {
			isa = XCBuildConfiguration;
			buildSettings = {
				ALWAYS_SEARCH_USER_PATHS = NO;
				CLANG_ANALYZER_NONNULL = YES;
				CLANG_ANALYZER_NUMBER_OBJECT_CONVERSION = YES_AGGRESSIVE;
				CLANG_CXX_LANGUAGE_STANDARD = "gnu++14";
				CLANG_CXX_LIBRARY = "libc++";
				CLANG_ENABLE_MODULES = YES;
				CLANG_ENABLE_OBJC_ARC = YES;
				CLANG_ENABLE_OBJC_WEAK = YES;
				CLANG_WARN_BLOCK_CAPTURE_AUTORELEASING = YES;
				CLANG_WARN_BOOL_CONVERSION = YES;
				CLANG_WARN_COMMA = YES;
				CLANG_WARN_CONSTANT_CONVERSION = YES;
				CLANG_WARN_DEPRECATED_OBJC_IMPLEMENTATIONS = YES;
				CLANG_WARN_DIRECT_OBJC_ISA_USAGE = YES_ERROR;
				CLANG_WARN_DOCUMENTATION_COMMENTS = YES;
				CLANG_WARN_EMPTY_BODY = YES;
				CLANG_WARN_ENUM_CONVERSION = YES;
				CLANG_WARN_INFINITE_RECURSION = YES;
				CLANG_WARN_INT_CONVERSION = YES;
				CLANG_WARN_NON_LITERAL_NULL_CONVERSION = YES;
				CLANG_WARN_OBJC_IMPLICIT_RETAIN_SELF = YES;
				CLANG_WARN_OBJC_LITERAL_CONVERSION = YES;
				CLANG_WARN_OBJC_ROOT_CLASS = YES_ERROR;
				CLANG_WARN_RANGE_LOOP_ANALYSIS = YES;
				CLANG_WARN_STRICT_PROTOTYPES = YES;
				CLANG_WARN_SUSPICIOUS_MOVE = YES;
				CLANG_WARN_UNGUARDED_AVAILABILITY = YES_AGGRESSIVE;
				CLANG_WARN_UNREACHABLE_CODE = YES;
				CLANG_WARN__DUPLICATE_METHOD_MATCH = YES;
				COPY_PHASE_STRIP = NO;
				DEBUG_INFORMATION_FORMAT = "dwarf-with-dsym";
				ENABLE_NS_ASSERTIONS = NO;
				ENABLE_STRICT_OBJC_MSGSEND = YES;
				GCC_C_LANGUAGE_STANDARD = gnu11;
				GCC_NO_COMMON_BLOCKS = YES;
				GCC_WARN_64_TO_32_BIT_CONVERSION = YES;
				GCC_WARN_ABOUT_RETURN_TYPE = YES_ERROR;
				GCC_WARN_UNDECLARED_SELECTOR = YES;
				GCC_WARN_UNINITIALIZED_AUTOS = YES_AGGRESSIVE;
				GCC_WARN_UNUSED_FUNCTION = YES;
				GCC_WARN_UNUSED_VARIABLE = YES;
				IPHONEOS_DEPLOYMENT_TARGET = 13.5;
				MTL_ENABLE_DEBUG_INFO = NO;
				MTL_FAST_MATH = YES;
				SDKROOT = iphoneos;
				VALIDATE_PRODUCT = YES;
			};
			name = Release;
		};
		0D627B60255DFBD900298BBF /* Debug */ = {
			isa = XCBuildConfiguration;
			buildSettings = {
				ASSETCATALOG_COMPILER_APPICON_NAME = AppIcon;
				CODE_SIGN_STYLE = Automatic;
				DEVELOPMENT_TEAM = 5B6X25244C;
				INFOPLIST_FILE = FlutterStore/Info.plist;
				LD_RUNPATH_SEARCH_PATHS = (
					"$(inherited)",
					"@executable_path/Frameworks",
				);
				PRODUCT_BUNDLE_IDENTIFIER = dev.flutter.FlutterStore;
				PRODUCT_NAME = "$(TARGET_NAME)";
				TARGETED_DEVICE_FAMILY = "1,2";
			};
			name = Debug;
		};
		0D627B61255DFBD900298BBF /* Release */ = {
			isa = XCBuildConfiguration;
			buildSettings = {
				ASSETCATALOG_COMPILER_APPICON_NAME = AppIcon;
				CODE_SIGN_STYLE = Automatic;
				DEVELOPMENT_TEAM = 5B6X25244C;
				INFOPLIST_FILE = FlutterStore/Info.plist;
				LD_RUNPATH_SEARCH_PATHS = (
					"$(inherited)",
					"@executable_path/Frameworks",
				);
				PRODUCT_BUNDLE_IDENTIFIER = dev.flutter.FlutterStore;
				PRODUCT_NAME = "$(TARGET_NAME)";
				TARGETED_DEVICE_FAMILY = "1,2";
			};
			name = Release;
		};
/* End XCBuildConfiguration section */

/* Begin XCConfigurationList section */
		0D627B41255DFBD700298BBF /* Build configuration list for PBXProject "FlutterStore" */ = {
			isa = XCConfigurationList;
			buildConfigurations = (
				0D627B5D255DFBD900298BBF /* Debug */,
				0D627B5E255DFBD900298BBF /* Release */,
			);
			defaultConfigurationIsVisible = 0;
			defaultConfigurationName = Release;
		};
		0D627B5F255DFBD900298BBF /* Build configuration list for PBXNativeTarget "FlutterStore" */ = {
			isa = XCConfigurationList;
			buildConfigurations = (
				0D627B60255DFBD900298BBF /* Debug */,
				0D627B61255DFBD900298BBF /* Release */,
			);
			defaultConfigurationIsVisible = 0;
			defaultConfigurationName = Release;
		};
/* End XCConfigurationList section */
	};
	rootObject = 0D627B3E255DFBD700298BBF /* Project object */;
}
